
Microsoft Visual Studio Solution File, Format Version 12.00
# Visual Studio Version 17
VisualStudioVersion = 17.1.32228.430
MinimumVisualStudioVersion = 10.0.40219.1
Project("{9A19103F-16F7-4668-BE54-9A1E7A4F7556}") = "Task.BusinessLayer", "Task.BusinessLayer\Task.BusinessLayer.csproj", "{7211F728-3197-4154-85D7-63EFD9FBB78A}"
EndProject
Project("{9A19103F-16F7-4668-BE54-9A1E7A4F7556}") = "Task.DataLayer", "Task.DataLayer\Task.DataLayer.csproj", "{AFAC37D1-9312-4E18-B043-A4D12C3A575A}"
EndProject
Project("{9A19103F-16F7-4668-BE54-9A1E7A4F7556}") = "Task", "Task.API\Task.csproj", "{0A44F396-47C8-4E70-9311-0867A5FDF863}"
EndProject
Project("{9A19103F-16F7-4668-BE54-9A1E7A4F7556}") = "Task.BusinessLayer.Tests", "Task.BusinessLayerTests\Task.BusinessLayer.Tests.csproj", "{0B0826F2-680E-40B6-AA3F-D7DB85CF96C0}"
EndProject
Project("{9A19103F-16F7-4668-BE54-9A1E7A4F7556}") = "Task.API.Layer", "Task.Api.Layer\Task.API.Layer.csproj", "{2E886AB4-78AB-41EB-8884-789EF0EF0739}"
EndProject
Global
	GlobalSection(SolutionConfigurationPlatforms) = preSolution
		Debug|Any CPU = Debug|Any CPU
		Release|Any CPU = Release|Any CPU
	EndGlobalSection
	GlobalSection(ProjectConfigurationPlatforms) = postSolution
		{7211F728-3197-4154-85D7-63EFD9FBB78A}.Debug|Any CPU.ActiveCfg = Debug|Any CPU
		{7211F728-3197-4154-85D7-63EFD9FBB78A}.Debug|Any CPU.Build.0 = Debug|Any CPU
		{7211F728-3197-4154-85D7-63EFD9FBB78A}.Release|Any CPU.ActiveCfg = Release|Any CPU
		{7211F728-3197-4154-85D7-63EFD9FBB78A}.Release|Any CPU.Build.0 = Release|Any CPU
		{AFAC37D1-9312-4E18-B043-A4D12C3A575A}.Debug|Any CPU.ActiveCfg = Debug|Any CPU
		{AFAC37D1-9312-4E18-B043-A4D12C3A575A}.Debug|Any CPU.Build.0 = Debug|Any CPU
		{AFAC37D1-9312-4E18-B043-A4D12C3A575A}.Release|Any CPU.ActiveCfg = Release|Any CPU
		{AFAC37D1-9312-4E18-B043-A4D12C3A575A}.Release|Any CPU.Build.0 = Release|Any CPU
		{0A44F396-47C8-4E70-9311-0867A5FDF863}.Debug|Any CPU.ActiveCfg = Debug|Any CPU
		{0A44F396-47C8-4E70-9311-0867A5FDF863}.Debug|Any CPU.Build.0 = Debug|Any CPU
		{0A44F396-47C8-4E70-9311-0867A5FDF863}.Release|Any CPU.ActiveCfg = Release|Any CPU
		{0A44F396-47C8-4E70-9311-0867A5FDF863}.Release|Any CPU.Build.0 = Release|Any CPU
		{0B0826F2-680E-40B6-AA3F-D7DB85CF96C0}.Debug|Any CPU.ActiveCfg = Debug|Any CPU
		{0B0826F2-680E-40B6-AA3F-D7DB85CF96C0}.Debug|Any CPU.Build.0 = Debug|Any CPU
		{0B0826F2-680E-40B6-AA3F-D7DB85CF96C0}.Release|Any CPU.ActiveCfg = Release|Any CPU
		{0B0826F2-680E-40B6-AA3F-D7DB85CF96C0}.Release|Any CPU.Build.0 = Release|Any CPU
		{2E886AB4-78AB-41EB-8884-789EF0EF0739}.Debug|Any CPU.ActiveCfg = Debug|Any CPU
		{2E886AB4-78AB-41EB-8884-789EF0EF0739}.Debug|Any CPU.Build.0 = Debug|Any CPU
		{2E886AB4-78AB-41EB-8884-789EF0EF0739}.Release|Any CPU.ActiveCfg = Release|Any CPU
		{2E886AB4-78AB-41EB-8884-789EF0EF0739}.Release|Any CPU.Build.0 = Release|Any CPU
	EndGlobalSection
	GlobalSection(SolutionProperties) = preSolution
		HideSolutionNode = FALSE
	EndGlobalSection
	GlobalSection(ExtensibilityGlobals) = postSolution
		SolutionGuid = {6C262668-88F2-47BD-B9A7-A3EC40A9AEA9}
	EndGlobalSection
EndGlobal
